
Microsoft Visual Studio Solution File, Format Version 12.00
# Visual Studio 14
VisualStudioVersion = 14.0.25123.0
MinimumVisualStudioVersion = 10.0.40219.1
Project("{FAE04EC0-301F-11D3-BF4B-00C04F79EFBC}") = "Maestrano", "Maestrano\Maestrano.csproj", "{3888E59D-F45B-405C-B8CD-039F0AF0B7CE}"
EndProject
Project("{FAE04EC0-301F-11D3-BF4B-00C04F79EFBC}") = "Maestrano.Tests", "Maestrano.Tests\Maestrano.Tests.csproj", "{05C58951-3A91-43D4-9169-1CE703F3023B}"
EndProject
Global
	GlobalSection(SolutionConfigurationPlatforms) = preSolution
		Debug|Any CPU = Debug|Any CPU
		Debug-4.0|Any CPU = Debug-4.0|Any CPU
		Release|Any CPU = Release|Any CPU
		Release-4.0|Any CPU = Release-4.0|Any CPU
	EndGlobalSection
	GlobalSection(ProjectConfigurationPlatforms) = postSolution
		{3888E59D-F45B-405C-B8CD-039F0AF0B7CE}.Debug|Any CPU.ActiveCfg = Debug|Any CPU
		{3888E59D-F45B-405C-B8CD-039F0AF0B7CE}.Debug|Any CPU.Build.0 = Debug|Any CPU
		{3888E59D-F45B-405C-B8CD-039F0AF0B7CE}.Debug-4.0|Any CPU.ActiveCfg = Debug-4.0|Any CPU
		{3888E59D-F45B-405C-B8CD-039F0AF0B7CE}.Debug-4.0|Any CPU.Build.0 = Debug-4.0|Any CPU
		{3888E59D-F45B-405C-B8CD-039F0AF0B7CE}.Release|Any CPU.ActiveCfg = Release|Any CPU
		{3888E59D-F45B-405C-B8CD-039F0AF0B7CE}.Release|Any CPU.Build.0 = Release|Any CPU
		{3888E59D-F45B-405C-B8CD-039F0AF0B7CE}.Release-4.0|Any CPU.ActiveCfg = Release-4.0|Any CPU
		{3888E59D-F45B-405C-B8CD-039F0AF0B7CE}.Release-4.0|Any CPU.Build.0 = Release-4.0|Any CPU
		{05C58951-3A91-43D4-9169-1CE703F3023B}.Debug|Any CPU.ActiveCfg = Debug|Any CPU
		{05C58951-3A91-43D4-9169-1CE703F3023B}.Debug|Any CPU.Build.0 = Debug|Any CPU
		{05C58951-3A91-43D4-9169-1CE703F3023B}.Debug-4.0|Any CPU.ActiveCfg = Debug-4.0|Any CPU
		{05C58951-3A91-43D4-9169-1CE703F3023B}.Debug-4.0|Any CPU.Build.0 = Debug-4.0|Any CPU
		{05C58951-3A91-43D4-9169-1CE703F3023B}.Release|Any CPU.ActiveCfg = Release|Any CPU
		{05C58951-3A91-43D4-9169-1CE703F3023B}.Release|Any CPU.Build.0 = Release|Any CPU
		{05C58951-3A91-43D4-9169-1CE703F3023B}.Release-4.0|Any CPU.ActiveCfg = Release-4.0|Any CPU
		{05C58951-3A91-43D4-9169-1CE703F3023B}.Release-4.0|Any CPU.Build.0 = Release-4.0|Any CPU
	EndGlobalSection
	GlobalSection(SolutionProperties) = preSolution
		HideSolutionNode = FALSE
	EndGlobalSection
EndGlobal
